
Microsoft Visual Studio Solution File, Format Version 12.00
# Visual Studio 15
VisualStudioVersion = 15.0.27428.2015
MinimumVisualStudioVersion = 10.0.40219.1
Project("{FAE04EC0-301F-11D3-BF4B-00C04F79EFBC}") = "Monads", "Monads\Monads.csproj", "{141C45F6-D978-42DA-8FAB-5084B83E9FAC}"
EndProject
Global
	GlobalSection(SolutionConfigurationPlatforms) = preSolution
		Debug|Any CPU = Debug|Any CPU
		Release|Any CPU = Release|Any CPU
	EndGlobalSection
	GlobalSection(ProjectConfigurationPlatforms) = postSolution
		{141C45F6-D978-42DA-8FAB-5084B83E9FAC}.Debug|Any CPU.ActiveCfg = Debug|Any CPU
		{141C45F6-D978-42DA-8FAB-5084B83E9FAC}.Debug|Any CPU.Build.0 = Debug|Any CPU
		{141C45F6-D978-42DA-8FAB-5084B83E9FAC}.Release|Any CPU.ActiveCfg = Release|Any CPU
		{141C45F6-D978-42DA-8FAB-5084B83E9FAC}.Release|Any CPU.Build.0 = Release|Any CPU
	EndGlobalSection
	GlobalSection(SolutionProperties) = preSolution
		HideSolutionNode = FALSE
	EndGlobalSection
	GlobalSection(ExtensibilityGlobals) = postSolution
		SolutionGuid = {2B083477-6087-495D-B196-D6BDC0159104}
	EndGlobalSection
EndGlobal
